
Microsoft Visual Studio Solution File, Format Version 10.00
# Visual Studio 2008
Project("{F184B08F-C81C-45F6-A57F-5ABD9991F28F}") = "prjMucDich", "prjMucDich\clsMucDich\prjMucDich.vbproj", "{F24CAAED-CCF9-4C37-A765-45DF99B176C3}"
EndProject
Project("{F184B08F-C81C-45F6-A57F-5ABD9991F28F}") = "prjRptThamDinh", "prjRptThamDinh\clsRptThamDinh\prjRptThamDinh.vbproj", "{9F9D7961-D12D-4CD4-92BE-2B2EC6F714D6}"
EndProject
Project("{F184B08F-C81C-45F6-A57F-5ABD9991F28F}") = "prjThongTinCapGCN", "prjThongTinCapGCN\clsThongTinCapGCN\prjThongTinCapGCN.vbproj", "{D135C9FB-0258-474D-A20C-BD896AF3AC62}"
EndProject
Project("{F184B08F-C81C-45F6-A57F-5ABD9991F28F}") = "prjRptGCN", "prjRptGCN\clsRptGCN\prjRptGCN.vbproj", "{B326549D-B6DC-4B39-9697-21A2A88F6A48}"
EndProject
Project("{F184B08F-C81C-45F6-A57F-5ABD9991F28F}") = "prjBangMa", "prjBangMa\clsBangMa\prjBangMa.vbproj", "{E8DA5A0C-4AF3-46F7-AC2A-2CF2D62C3DF9}"
EndProject
Project("{F184B08F-C81C-45F6-A57F-5ABD9991F28F}") = "prjGridView", "prjGridView\prjGridView\prjGridView.vbproj", "{4887C0A0-7A3F-465A-B33E-81FA1D03E198}"
EndProject
Project("{F184B08F-C81C-45F6-A57F-5ABD9991F28F}") = "prjChu", "prjChu\prjChu.vbproj", "{EAEBD1DD-5767-485C-ADC0-F3FE6A0BCA20}"
EndProject
Project("{F184B08F-C81C-45F6-A57F-5ABD9991F28F}") = "prjComponents", "prjComponents\clsComponents\prjComponents.vbproj", "{32E89372-0926-4AA2-A344-51B241D2C439}"
EndProject
Project("{F184B08F-C81C-45F6-A57F-5ABD9991F28F}") = "prjXetDuyetCapCoSo", "prjXetDuyetCapCoSo\clsXetDuyetCapCoSo\prjXetDuyetCapCoSo.vbproj", "{2F002652-6715-4889-979B-C2DD9A8F05D9}"
EndProject
Project("{F184B08F-C81C-45F6-A57F-5ABD9991F28F}") = "prjYeuCauBoXung", "prjYeuCauBoXung\clsYeuCauBoXung\prjYeuCauBoXung.vbproj", "{82F5FB0F-B7B3-4304-ACAA-32F5C982F618}"
EndProject
Project("{F184B08F-C81C-45F6-A57F-5ABD9991F28F}") = "prjNguonGoc", "prjNguonGoc\clsNguonGoc\prjNguonGoc.vbproj", "{EF13F5F6-CDFD-4701-A9B3-EBC721A056CE}"
EndProject
Project("{F184B08F-C81C-45F6-A57F-5ABD9991F28F}") = "prjThongTinThuaKeKhai", "prjThongTinThuaKeKhai\clsThongTinThuaKeKhai\prjThongTinThuaKeKhai.vbproj", "{41E46AAD-6160-420E-9BDE-1A7E70AEA80C}"
EndProject
Project("{FAE04EC0-301F-11D3-BF4B-00C04F79EFBC}") = "prjTuDienCanBoNghiepVu", "prjTuDienNguoiXetDuyet\clsTuDienNguoiXetDuyet\prjTuDienCanBoNghiepVu.csproj", "{ACA986A6-0441-42C9-840F-53228EB6C4FD}"
EndProject
Project("{F184B08F-C81C-45F6-A57F-5ABD9991F28F}") = "prjThongTinXetDuyet", "prjThongTinXetDuyet\clsThongTinXetDuyet\prjThongTinXetDuyet.vbproj", "{FA325E06-9A67-4938-AC41-4C97884C215F}"
EndProject
Project("{F184B08F-C81C-45F6-A57F-5ABD9991F28F}") = "prjPheDuyet", "prjPheDuyet\clsPheDuyet\prjPheDuyet.vbproj", "{8DCF42E8-9FC6-46B0-A9C4-9F1A5A3DA43C}"
EndProject
Project("{FAE04EC0-301F-11D3-BF4B-00C04F79EFBC}") = "prjSoanHoSo", "prjSoanHoSo\prjSoanHoSo.csproj", "{37D27789-F47D-4C35-81C2-61FE6A42CC98}"
EndProject
Project("{F184B08F-C81C-45F6-A57F-5ABD9991F28F}") = "prjLandRegistration", "prjLandRegistration\prjLandRegistration.vbproj", "{CD7A098B-C5B1-4B15-B164-DE55324E9C0E}"
EndProject
Project("{F184B08F-C81C-45F6-A57F-5ABD9991F28F}") = "prjTaiLieuKemTheo", "prjTaiLieuKemTheo\clsTaiLieuKemTheo\prjTaiLieuKemTheo.vbproj", "{CFC115A7-DD94-49D1-9085-BC53F8E5FB3B}"
EndProject
Project("{FAE04EC0-301F-11D3-BF4B-00C04F79EFBC}") = "prjThongTinTiepNhanHoSo", "prjThongTinTiepNhanHoSo\prjThongTinTiepNhanHoSo.csproj", "{DF96BBC8-58F4-4730-A54A-6AB1E94227D4}"
EndProject
Project("{FAE04EC0-301F-11D3-BF4B-00C04F79EFBC}") = "prjTongHopIn", "prjTongHopIn\prjTongHopIn.csproj", "{DC1919AF-D54B-4856-ADE6-B20A52B0FC4F}"
EndProject
Project("{FAE04EC0-301F-11D3-BF4B-00C04F79EFBC}") = "BarcodeLib", "prjBarcode\BarcodeLib.csproj", "{F8646414-0C9C-49BB-9DA3-3923BF78A398}"
EndProject
Project("{F184B08F-C81C-45F6-A57F-5ABD9991F28F}") = "prjThongTinRungCay", "prjThongTinRungCay\prjThongTinRungCay.vbproj", "{05013A4B-44E1-4237-8370-8429C0304798}"
EndProject
Project("{F184B08F-C81C-45F6-A57F-5ABD9991F28F}") = "prjThongTinCayLauNam", "prjThongTinCayLauNam\prjThongTinCayLauNam.vbproj", "{EE570017-80BE-45FD-96E9-C205859507E9}"
EndProject
Project("{F184B08F-C81C-45F6-A57F-5ABD9991F28F}") = "prjInHoiDongXetDuyet", "prjInHoiDongXetDuyet\prjInHoiDongXetDuyet.vbproj", "{88E04531-9895-4383-B82B-043167B6C216}"
EndProject
Project("{FAE04EC0-301F-11D3-BF4B-00C04F79EFBC}") = "prjInHoSoKyThuat", "prjInHoSoKyThuat\prjInHoSoKyThuat.csproj", "{5AFE34E9-C3D2-40CE-A76B-2FA27676F421}"
EndProject
Project("{FAE04EC0-301F-11D3-BF4B-00C04F79EFBC}") = "prjBienDong", "prjDangKyBienDong\prjBienDong\prjBienDong.csproj", "{565DF669-BC36-416A-9EA2-19FB4E87A5BD}"
EndProject
Project("{FAE04EC0-301F-11D3-BF4B-00C04F79EFBC}") = "DMC.Land.InThongBaoCapGCN", "DMC.Land.InThongBaoCapGCN\DMC.Land.InThongBaoCapGCN.csproj", "{E53C8F6D-46D7-40EE-ABCC-186129EB8715}"
EndProject
Project("{F184B08F-C81C-45F6-A57F-5ABD9991F28F}") = "DMC.Land.QuanLyLog", "DMC.Land.QuanLyLog\DMC.Land.QuanLyLog.vbproj", "{6D23D28C-B916-4C68-88E5-53577E26E863}"
EndProject
Project("{F184B08F-C81C-45F6-A57F-5ABD9991F28F}") = "DMC.Land.NghiaVuTaiChinh", "DMC.Land.NghiaVuTaiChinh\DMC.Land.NghiaVuTaiChinh.vbproj", "{8B36FA94-0A5E-4DC8-963A-9E60082D7B9F}"
EndProject
Project("{F184B08F-C81C-45F6-A57F-5ABD9991F28F}") = "prjCongTrinhXayDung", "prjCongTrinhXayDung\prjCongTrinhXayDung.vbproj", "{A37D21C0-204F-4320-B7A9-5A768BA3CA4C}"
EndProject
Project("{F184B08F-C81C-45F6-A57F-5ABD9991F28F}") = "prjThongTinSoDoNhaDat", "prjThongTinSoDoNhaDat\prjThongTinSoDoNhaDat.vbproj", "{B6D22D63-25ED-40D2-A96D-EA19CB3A8E89}"
EndProject
Project("{FAE04EC0-301F-11D3-BF4B-00C04F79EFBC}") = "prjHinhDangThua", "prjHinhDangThua\prjHinhDangThua.csproj", "{6A73DE5C-BDD6-4B0F-AE23-2053329184BD}"
EndProject
Project("{FAE04EC0-301F-11D3-BF4B-00C04F79EFBC}") = "prjToTrinhQuyetDinh", "prjToTrinhQuyetDinh\prjToTrinhQuyetDinh.csproj", "{3AC5D906-00C3-45AB-B345-8DEB28A7A4FB}"
EndProject
Project("{FAE04EC0-301F-11D3-BF4B-00C04F79EFBC}") = "prjInBaoCaoKetQuaThamDinh", "prjInBaoCaKetQuaThamDinh\prjInBaoCaoKetQuaThamDinh.csproj", "{3879AADC-D0DE-474C-BB0D-1292E7F02B9E}"
EndProject
Project("{F184B08F-C81C-45F6-A57F-5ABD9991F28F}") = "prjChuHoSoCapGCN", "prjChuHoSoCapGCN\prjChuHoSoCapGCN.vbproj", "{94EDCC9A-930E-42C8-A53F-987892E73D2D}"
EndProject
Project("{FAE04EC0-301F-11D3-BF4B-00C04F79EFBC}") = "prjPhieuChuyenThongTinDiaChinh", "prjPhieuChuyenThongTinDiaChinh\prjPhieuChuyenThongTinDiaChinh.csproj", "{71594976-E4B9-490F-A72D-0181E5003128}"
EndProject
Project("{F184B08F-C81C-45F6-A57F-5ABD9991F28F}") = "prjHoSoKeKhaiCapGCN", "prjHoSoKeKhaiCapGCN\clsHoSoKeKhaiCapGCN\prjHoSoKeKhaiCapGCN.vbproj", "{B067C322-D3C7-4999-8205-9BB270EEE883}"
EndProject
Project("{F184B08F-C81C-45F6-A57F-5ABD9991F28F}") = "prjNhaO", "prjTaiSan\clsTaiSan\prjNhaO.vbproj", "{94284126-8F23-4411-B440-57179E857A24}"
EndProject
Project("{F184B08F-C81C-45F6-A57F-5ABD9991F28F}") = "prjInPhieu", "prjInPhieu\prjInPhieu.vbproj", "{BCCC1296-B961-436F-9794-1C5F6556915C}"
EndProject
Project("{F184B08F-C81C-45F6-A57F-5ABD9991F28F}") = "prjInToTrinh", "prjInToTrinh\prjInToTrinh.vbproj", "{AB45BC8F-DA7F-40E5-ACA0-5108BA540BF4}"
EndProject
Project("{F184B08F-C81C-45F6-A57F-5ABD9991F28F}") = "prjDangNhap", "prjDangNhap\clsDangNhap\prjDangNhap.vbproj", "{65993623-5D0B-4E0B-BC16-0FB9FD1420D1}"
EndProject
Project("{F184B08F-C81C-45F6-A57F-5ABD9991F28F}") = "prjServer", "prjServer\clsServer\prjServer.vbproj", "{1DB9C156-7BBB-48D0-BC7F-53AE74816BBA}"
EndProject
Project("{F184B08F-C81C-45F6-A57F-5ABD9991F28F}") = "prjUser", "prjUser\clsUser\prjUser.vbproj", "{9C7D8FAC-888D-4013-966B-271CAE8B6973}"
EndProject
Project("{F184B08F-C81C-45F6-A57F-5ABD9991F28F}") = "prjGroupToTrinhPhuong", "prjGroupToTrinhPhuong\prjGroupToTrinhPhuong.vbproj", "{26F8ABD8-4C7C-428E-B98B-C99749D43E76}"
EndProject
Project("{FAE04EC0-301F-11D3-BF4B-00C04F79EFBC}") = "prjThietLapThongTinGCN", "prjThietLapThongTinGCN\prjThietLapThongTinGCN.csproj", "{7B0763B9-0449-44A1-8E8D-5BFB39E381D9}"
EndProject
Project("{FAE04EC0-301F-11D3-BF4B-00C04F79EFBC}") = "prjInSoDoNhaDat", "prjInSoDoNhaDat\prjInSoDoNhaDat.csproj", "{3C0585AE-B916-4C48-8C2D-D57D76711687}"
EndProject
Project("{F184B08F-C81C-45F6-A57F-5ABD9991F28F}") = "prjOutlookBar", "prjOutlookBar\OutlookBar v2 2005\prjOutlookBar.vbproj", "{2642E580-1D15-417A-BCFA-E75BD899563D}"
EndProject
Project("{F184B08F-C81C-45F6-A57F-5ABD9991F28F}") = "prjDanhSachDonViHanhChinh", "prjDanhSachDonViHanhChinh\clsDanhSachDonViHanhChinh\prjDanhSachDonViHanhChinh.vbproj", "{3C79B80E-F4E3-4710-8F54-49F250CEB978}"
EndProject
Project("{FAE04EC0-301F-11D3-BF4B-00C04F79EFBC}") = "prjTinhToanDenBu", "prjTinhToanDenBu\prjTinhToanDenBu.csproj", "{8E8ED909-A15C-4E77-8B17-6F722CAB4808}"
EndProject
Project("{F184B08F-C81C-45F6-A57F-5ABD9991F28F}") = "prjLichSuHoSoBienDong", "prjLichSuHoSoBienDong\prjLichSuHoSoBienDong.vbproj", "{4C0FF4A8-2274-4065-BB2F-25179BF4CBD9}"
EndProject
Project("{FAE04EC0-301F-11D3-BF4B-00C04F79EFBC}") = "prjXemLichSuThuaDat", "prjXemLichSuThuaDat\prjXemLichSuThuaDat.csproj", "{8274A1A2-5E4D-4CBD-BAD3-974F1EC8B78C}"
EndProject
Project("{F184B08F-C81C-45F6-A57F-5ABD9991F28F}") = "prjTongHopThongTinDatInBienBanXetDuyet", "prjTongHopThongTinDatInBienBanXetDuyet\prjTongHopThongTinDatInBienBanXetDuyet.vbproj", "{AB7F424F-7B27-4DC9-A68C-015575453680}"
EndProject
Project("{F184B08F-C81C-45F6-A57F-5ABD9991F28F}") = "prjTrangThaiHoSo", "prjTrangThaiHoSo\prjTrangThaiHoSo.vbproj", "{9F86F723-A393-4257-89BB-159166A7A931}"
EndProject
Project("{F184B08F-C81C-45F6-A57F-5ABD9991F28F}") = "prjCapNhatSauBienDong", "prjCapNhatSauBienDong\prjCapNhatSauBienDong.vbproj", "{344305C4-5279-4AE7-9CFF-7F2241AAA343}"
EndProject
Project("{F184B08F-C81C-45F6-A57F-5ABD9991F28F}") = "prjThongTinHoSoXetDuyet", "prjThongTinHoSoXetDuyet\prjThongTinHoSoXetDuyet.vbproj", "{485C1973-74F1-450B-99BB-44499DBAFB2B}"
EndProject
Project("{F184B08F-C81C-45F6-A57F-5ABD9991F28F}") = "prjInBienBanXetDuyetHoSoCapGCN", "prjInBienBanXetDuyetHoSoCapGCN\prjInBienBanXetDuyetHoSoCapGCN.vbproj", "{5CA3E073-EAFD-40FA-9C29-0B6B176F7DD5}"
EndProject
Project("{F184B08F-C81C-45F6-A57F-5ABD9991F28F}") = "prjChuSuDung", "prjChuSuDung\prjChuSuDung.vbproj", "{326FFDD6-01D9-46F9-AB09-74F134C47522}"
EndProject
Project("{FAE04EC0-301F-11D3-BF4B-00C04F79EFBC}") = "prjToolUploadMap", "prjToolUploadMap\prjToolUploadMap.csproj", "{937FD6BE-475F-443E-8EFB-3E537C5FBFA7}"
EndProject
Project("{FAE04EC0-301F-11D3-BF4B-00C04F79EFBC}") = "DMC.GIS.Common", "prjGISCommon\DMC.GIS.Common.csproj", "{94C1A697-46B0-4331-A903-C36E45DA8C09}"
EndProject
Project("{F184B08F-C81C-45F6-A57F-5ABD9991F28F}") = "prjThongTinThuaTuNhien", "prjThongTinThuaTuNhien\clsThongTinThuaTuNhien\prjThongTinThuaTuNhien.vbproj", "{879E4931-EF55-4F7C-8968-F660D5CD3FD8}"
EndProject
Project("{F184B08F-C81C-45F6-A57F-5ABD9991F28F}") = "prjQuanLyGiaoViec", "prjQuanLyGiaoViec\prjQuanLyGiaoViec.vbproj", "{05FA713D-9F9F-4D07-8E33-D3B49CCF36E6}"
EndProject
Project("{F184B08F-C81C-45F6-A57F-5ABD9991F28F}") = "PrjBaoCaoTongHop", "PrjBaoCaoTongHop\PrjBaoCaoTongHop.vbproj", "{A0D053EC-2796-4738-8101-63C08891D7AC}"
EndProject
Project("{F184B08F-C81C-45F6-A57F-5ABD9991F28F}") = "prjThamSoHeThong", "prjThamSoHeThong\prjThamSoHeThong.vbproj", "{8C5B3AF5-0307-4F57-980F-CC143D187074}"
EndProject
Project("{F184B08F-C81C-45F6-A57F-5ABD9991F28F}") = "prjNhatKyNguoiDung", "prjNhatKyNguoiDung\prjNhatKyNguoiDung.vbproj", "{F4A19EA0-1F72-42C9-AF29-9DD34DCD76CE}"
EndProject
Project("{FAE04EC0-301F-11D3-BF4B-00C04F79EFBC}") = "prjInThongBaoCapGCN", "prjInThongBaoCapGCN\prjInThongBaoCapGCN.csproj", "{9E850A7C-7683-4B30-B03E-AA7BBB90BF04}"
EndProject
Project("{F184B08F-C81C-45F6-A57F-5ABD9991F28F}") = "prjPhanQuyenQuyTrinhChucNang", "prjPhanQuyenQuyTrinhChucNang\prjPhanQuyenQuyTrinhChucNang.vbproj", "{7F5C4A6D-3448-4EB1-B030-EB0FC8AF75E5}"
EndProject
Project("{F184B08F-C81C-45F6-A57F-5ABD9991F28F}") = "prjQuyTrinhLuanChuyen", "prjQuyTrinhLuanChuyen\prjQuyTrinhLuanChuyen.vbproj", "{3A79262A-4D44-477E-9316-0DAB16158FD0}"
EndProject
Project("{F184B08F-C81C-45F6-A57F-5ABD9991F28F}") = "prjFilterGrid", "prjFilterGrid\prjFilterGrid.vbproj", "{4087BB5F-2E01-45F7-A129-590FF472364B}"
EndProject
Project("{F184B08F-C81C-45F6-A57F-5ABD9991F28F}") = "prjThamDinh", "prjThamDinh\clsThamDinh\prjThamDinh.vbproj", "{B1B3E2F7-E70C-4252-9A77-89CE06EAE46F}"
EndProject
Project("{F184B08F-C81C-45F6-A57F-5ABD9991F28F}") = "prjTuDienThamSoMacDinh", "prjTuDienThamSoMacDinh\prjTuDienThamSoMacDinh.vbproj", "{313B510A-37C5-4678-B288-7F379EDAB14C}"
EndProject
Project("{F184B08F-C81C-45F6-A57F-5ABD9991F28F}") = "prjUpdateHeThong", "prjUpdateHeThong\prjUpdateHeThong.vbproj", "{4674F683-C059-4707-954E-A468C6D0582C}"
EndProject
Project("{F184B08F-C81C-45F6-A57F-5ABD9991F28F}") = "prjDatabase", "prjDatabase\clsDatabase\prjDatabase.vbproj", "{4DFC1D82-EFDD-45C7-BA23-50B77EC8F25F}"
EndProject
Project("{F184B08F-C81C-45F6-A57F-5ABD9991F28F}") = "prjDongBoHoaCSDL", "prjDongBoHoaCSDL\prjDongBoHoaCSDL.vbproj", "{ECCA5D4D-C44A-4356-BB55-535BCBE762AE}"
EndProject
Project("{F184B08F-C81C-45F6-A57F-5ABD9991F28F}") = "prjTaiKhoanNguoiDung", "prjTaiKhoanNguoiDung\clsTaiKhoanNguoiDung\prjTaiKhoanNguoiDung.vbproj", "{73E86C15-AA59-4D1D-81D2-8556EF22DA1B}"
EndProject
Project("{FAE04EC0-301F-11D3-BF4B-00C04F79EFBC}") = "TachThua", "prjTachThua\TachThua.csproj", "{B6DF196B-7D25-49BD-AEE9-1E888ADA3B8A}"
EndProject
Project("{F184B08F-C81C-45F6-A57F-5ABD9991F28F}") = "prjHoiDongXetDuyet", "prjHoiDongXetDuyet\clsHoiDongXetDuyet\prjHoiDongXetDuyet.vbproj", "{DE0C3F93-53AC-4A41-9FD6-001EA4BB25A7}"
EndProject
Project("{F184B08F-C81C-45F6-A57F-5ABD9991F28F}") = "prjTimKiem", "prjTimKiem\clsTimKiem\prjTimKiem.vbproj", "{62F2E3DF-E22A-4A85-BB61-9BBA0EA577C0}"
EndProject
Project("{2150E333-8FDC-42A3-9474-1A3956D46DE8}") = "dll", "dll", "{E7F8989F-1601-4ED3-9540-011D8517E5FE}"
EndProject
Project("{F184B08F-C81C-45F6-A57F-5ABD9991F28F}") = "prjInBienBanXetDuyetCapGCN", "DMC.Land.BienBanXetDuyetCapGCN\prjInBienBanXetDuyetCapGCN.vbproj", "{4121221B-C080-448F-A8A0-9B8692A8B62D}"
EndProject
Global
	GlobalSection(SolutionConfigurationPlatforms) = preSolution
		Debug|Any CPU = Debug|Any CPU
		Release|Any CPU = Release|Any CPU
	EndGlobalSection
	GlobalSection(ProjectConfigurationPlatforms) = postSolution
		{F24CAAED-CCF9-4C37-A765-45DF99B176C3}.Debug|Any CPU.ActiveCfg = Debug|Any CPU
		{F24CAAED-CCF9-4C37-A765-45DF99B176C3}.Debug|Any CPU.Build.0 = Debug|Any CPU
		{F24CAAED-CCF9-4C37-A765-45DF99B176C3}.Release|Any CPU.ActiveCfg = Release|Any CPU
		{F24CAAED-CCF9-4C37-A765-45DF99B176C3}.Release|Any CPU.Build.0 = Release|Any CPU
		{9F9D7961-D12D-4CD4-92BE-2B2EC6F714D6}.Debug|Any CPU.ActiveCfg = Debug|Any CPU
		{9F9D7961-D12D-4CD4-92BE-2B2EC6F714D6}.Debug|Any CPU.Build.0 = Debug|Any CPU
		{9F9D7961-D12D-4CD4-92BE-2B2EC6F714D6}.Release|Any CPU.ActiveCfg = Release|Any CPU
		{9F9D7961-D12D-4CD4-92BE-2B2EC6F714D6}.Release|Any CPU.Build.0 = Release|Any CPU
		{D135C9FB-0258-474D-A20C-BD896AF3AC62}.Debug|Any CPU.ActiveCfg = Debug|Any CPU
		{D135C9FB-0258-474D-A20C-BD896AF3AC62}.Debug|Any CPU.Build.0 = Debug|Any CPU
		{D135C9FB-0258-474D-A20C-BD896AF3AC62}.Release|Any CPU.ActiveCfg = Release|Any CPU
		{D135C9FB-0258-474D-A20C-BD896AF3AC62}.Release|Any CPU.Build.0 = Release|Any CPU
		{B326549D-B6DC-4B39-9697-21A2A88F6A48}.Debug|Any CPU.ActiveCfg = Debug|Any CPU
		{B326549D-B6DC-4B39-9697-21A2A88F6A48}.Debug|Any CPU.Build.0 = Debug|Any CPU
		{B326549D-B6DC-4B39-9697-21A2A88F6A48}.Release|Any CPU.ActiveCfg = Release|Any CPU
		{B326549D-B6DC-4B39-9697-21A2A88F6A48}.Release|Any CPU.Build.0 = Release|Any CPU
		{E8DA5A0C-4AF3-46F7-AC2A-2CF2D62C3DF9}.Debug|Any CPU.ActiveCfg = Debug|Any CPU
		{E8DA5A0C-4AF3-46F7-AC2A-2CF2D62C3DF9}.Debug|Any CPU.Build.0 = Debug|Any CPU
		{E8DA5A0C-4AF3-46F7-AC2A-2CF2D62C3DF9}.Release|Any CPU.ActiveCfg = Release|Any CPU
		{E8DA5A0C-4AF3-46F7-AC2A-2CF2D62C3DF9}.Release|Any CPU.Build.0 = Release|Any CPU
		{4887C0A0-7A3F-465A-B33E-81FA1D03E198}.Debug|Any CPU.ActiveCfg = Debug|Any CPU
		{4887C0A0-7A3F-465A-B33E-81FA1D03E198}.Debug|Any CPU.Build.0 = Debug|Any CPU
		{4887C0A0-7A3F-465A-B33E-81FA1D03E198}.Release|Any CPU.ActiveCfg = Release|Any CPU
		{4887C0A0-7A3F-465A-B33E-81FA1D03E198}.Release|Any CPU.Build.0 = Release|Any CPU
		{EAEBD1DD-5767-485C-ADC0-F3FE6A0BCA20}.Debug|Any CPU.ActiveCfg = Debug|Any CPU
		{EAEBD1DD-5767-485C-ADC0-F3FE6A0BCA20}.Debug|Any CPU.Build.0 = Debug|Any CPU
		{EAEBD1DD-5767-485C-ADC0-F3FE6A0BCA20}.Release|Any CPU.ActiveCfg = Release|Any CPU
		{EAEBD1DD-5767-485C-ADC0-F3FE6A0BCA20}.Release|Any CPU.Build.0 = Release|Any CPU
		{32E89372-0926-4AA2-A344-51B241D2C439}.Debug|Any CPU.ActiveCfg = Debug|Any CPU
		{32E89372-0926-4AA2-A344-51B241D2C439}.Debug|Any CPU.Build.0 = Debug|Any CPU
		{32E89372-0926-4AA2-A344-51B241D2C439}.Release|Any CPU.ActiveCfg = Release|Any CPU
		{32E89372-0926-4AA2-A344-51B241D2C439}.Release|Any CPU.Build.0 = Release|Any CPU
		{2F002652-6715-4889-979B-C2DD9A8F05D9}.Debug|Any CPU.ActiveCfg = Debug|Any CPU
		{2F002652-6715-4889-979B-C2DD9A8F05D9}.Debug|Any CPU.Build.0 = Debug|Any CPU
		{2F002652-6715-4889-979B-C2DD9A8F05D9}.Release|Any CPU.ActiveCfg = Release|Any CPU
		{2F002652-6715-4889-979B-C2DD9A8F05D9}.Release|Any CPU.Build.0 = Release|Any CPU
		{82F5FB0F-B7B3-4304-ACAA-32F5C982F618}.Debug|Any CPU.ActiveCfg = Debug|Any CPU
		{82F5FB0F-B7B3-4304-ACAA-32F5C982F618}.Debug|Any CPU.Build.0 = Debug|Any CPU
		{82F5FB0F-B7B3-4304-ACAA-32F5C982F618}.Release|Any CPU.ActiveCfg = Release|Any CPU
		{82F5FB0F-B7B3-4304-ACAA-32F5C982F618}.Release|Any CPU.Build.0 = Release|Any CPU
		{EF13F5F6-CDFD-4701-A9B3-EBC721A056CE}.Debug|Any CPU.ActiveCfg = Debug|Any CPU
		{EF13F5F6-CDFD-4701-A9B3-EBC721A056CE}.Debug|Any CPU.Build.0 = Debug|Any CPU
		{EF13F5F6-CDFD-4701-A9B3-EBC721A056CE}.Release|Any CPU.ActiveCfg = Release|Any CPU
		{EF13F5F6-CDFD-4701-A9B3-EBC721A056CE}.Release|Any CPU.Build.0 = Release|Any CPU
		{41E46AAD-6160-420E-9BDE-1A7E70AEA80C}.Debug|Any CPU.ActiveCfg = Debug|Any CPU
		{41E46AAD-6160-420E-9BDE-1A7E70AEA80C}.Debug|Any CPU.Build.0 = Debug|Any CPU
		{41E46AAD-6160-420E-9BDE-1A7E70AEA80C}.Release|Any CPU.ActiveCfg = Release|Any CPU
		{41E46AAD-6160-420E-9BDE-1A7E70AEA80C}.Release|Any CPU.Build.0 = Release|Any CPU
		{ACA986A6-0441-42C9-840F-53228EB6C4FD}.Debug|Any CPU.ActiveCfg = Debug|Any CPU
		{ACA986A6-0441-42C9-840F-53228EB6C4FD}.Debug|Any CPU.Build.0 = Debug|Any CPU
		{ACA986A6-0441-42C9-840F-53228EB6C4FD}.Release|Any CPU.ActiveCfg = Release|Any CPU
		{ACA986A6-0441-42C9-840F-53228EB6C4FD}.Release|Any CPU.Build.0 = Release|Any CPU
		{FA325E06-9A67-4938-AC41-4C97884C215F}.Debug|Any CPU.ActiveCfg = Debug|Any CPU
		{FA325E06-9A67-4938-AC41-4C97884C215F}.Debug|Any CPU.Build.0 = Debug|Any CPU
		{FA325E06-9A67-4938-AC41-4C97884C215F}.Release|Any CPU.ActiveCfg = Release|Any CPU
		{FA325E06-9A67-4938-AC41-4C97884C215F}.Release|Any CPU.Build.0 = Release|Any CPU
		{8DCF42E8-9FC6-46B0-A9C4-9F1A5A3DA43C}.Debug|Any CPU.ActiveCfg = Debug|Any CPU
		{8DCF42E8-9FC6-46B0-A9C4-9F1A5A3DA43C}.Debug|Any CPU.Build.0 = Debug|Any CPU
		{8DCF42E8-9FC6-46B0-A9C4-9F1A5A3DA43C}.Release|Any CPU.ActiveCfg = Release|Any CPU
		{8DCF42E8-9FC6-46B0-A9C4-9F1A5A3DA43C}.Release|Any CPU.Build.0 = Release|Any CPU
		{37D27789-F47D-4C35-81C2-61FE6A42CC98}.Debug|Any CPU.ActiveCfg = Debug|Any CPU
		{37D27789-F47D-4C35-81C2-61FE6A42CC98}.Debug|Any CPU.Build.0 = Debug|Any CPU
		{37D27789-F47D-4C35-81C2-61FE6A42CC98}.Release|Any CPU.ActiveCfg = Release|Any CPU
		{37D27789-F47D-4C35-81C2-61FE6A42CC98}.Release|Any CPU.Build.0 = Release|Any CPU
		{CD7A098B-C5B1-4B15-B164-DE55324E9C0E}.Debug|Any CPU.ActiveCfg = Debug|Any CPU
		{CD7A098B-C5B1-4B15-B164-DE55324E9C0E}.Debug|Any CPU.Build.0 = Debug|Any CPU
		{CD7A098B-C5B1-4B15-B164-DE55324E9C0E}.Release|Any CPU.ActiveCfg = Release|Any CPU
		{CD7A098B-C5B1-4B15-B164-DE55324E9C0E}.Release|Any CPU.Build.0 = Release|Any CPU
		{CFC115A7-DD94-49D1-9085-BC53F8E5FB3B}.Debug|Any CPU.ActiveCfg = Debug|Any CPU
		{CFC115A7-DD94-49D1-9085-BC53F8E5FB3B}.Debug|Any CPU.Build.0 = Debug|Any CPU
		{CFC115A7-DD94-49D1-9085-BC53F8E5FB3B}.Release|Any CPU.ActiveCfg = Release|Any CPU
		{CFC115A7-DD94-49D1-9085-BC53F8E5FB3B}.Release|Any CPU.Build.0 = Release|Any CPU
		{DF96BBC8-58F4-4730-A54A-6AB1E94227D4}.Debug|Any CPU.ActiveCfg = Debug|Any CPU
		{DF96BBC8-58F4-4730-A54A-6AB1E94227D4}.Debug|Any CPU.Build.0 = Debug|Any CPU
		{DF96BBC8-58F4-4730-A54A-6AB1E94227D4}.Release|Any CPU.ActiveCfg = Release|Any CPU
		{DF96BBC8-58F4-4730-A54A-6AB1E94227D4}.Release|Any CPU.Build.0 = Release|Any CPU
		{DC1919AF-D54B-4856-ADE6-B20A52B0FC4F}.Debug|Any CPU.ActiveCfg = Debug|Any CPU
		{DC1919AF-D54B-4856-ADE6-B20A52B0FC4F}.Debug|Any CPU.Build.0 = Debug|Any CPU
		{DC1919AF-D54B-4856-ADE6-B20A52B0FC4F}.Release|Any CPU.ActiveCfg = Release|Any CPU
		{DC1919AF-D54B-4856-ADE6-B20A52B0FC4F}.Release|Any CPU.Build.0 = Release|Any CPU
		{F8646414-0C9C-49BB-9DA3-3923BF78A398}.Debug|Any CPU.ActiveCfg = Debug|Any CPU
		{F8646414-0C9C-49BB-9DA3-3923BF78A398}.Debug|Any CPU.Build.0 = Debug|Any CPU
		{F8646414-0C9C-49BB-9DA3-3923BF78A398}.Release|Any CPU.ActiveCfg = Release|Any CPU
		{F8646414-0C9C-49BB-9DA3-3923BF78A398}.Release|Any CPU.Build.0 = Release|Any CPU
		{05013A4B-44E1-4237-8370-8429C0304798}.Debug|Any CPU.ActiveCfg = Debug|Any CPU
		{05013A4B-44E1-4237-8370-8429C0304798}.Debug|Any CPU.Build.0 = Debug|Any CPU
		{05013A4B-44E1-4237-8370-8429C0304798}.Release|Any CPU.ActiveCfg = Release|Any CPU
		{05013A4B-44E1-4237-8370-8429C0304798}.Release|Any CPU.Build.0 = Release|Any CPU
		{EE570017-80BE-45FD-96E9-C205859507E9}.Debug|Any CPU.ActiveCfg = Debug|Any CPU
		{EE570017-80BE-45FD-96E9-C205859507E9}.Debug|Any CPU.Build.0 = Debug|Any CPU
		{EE570017-80BE-45FD-96E9-C205859507E9}.Release|Any CPU.ActiveCfg = Release|Any CPU
		{EE570017-80BE-45FD-96E9-C205859507E9}.Release|Any CPU.Build.0 = Release|Any CPU
		{88E04531-9895-4383-B82B-043167B6C216}.Debug|Any CPU.ActiveCfg = Debug|Any CPU
		{88E04531-9895-4383-B82B-043167B6C216}.Debug|Any CPU.Build.0 = Debug|Any CPU
		{88E04531-9895-4383-B82B-043167B6C216}.Release|Any CPU.ActiveCfg = Release|Any CPU
		{88E04531-9895-4383-B82B-043167B6C216}.Release|Any CPU.Build.0 = Release|Any CPU
		{5AFE34E9-C3D2-40CE-A76B-2FA27676F421}.Debug|Any CPU.ActiveCfg = Debug|Any CPU
		{5AFE34E9-C3D2-40CE-A76B-2FA27676F421}.Debug|Any CPU.Build.0 = Debug|Any CPU
		{5AFE34E9-C3D2-40CE-A76B-2FA27676F421}.Release|Any CPU.ActiveCfg = Release|Any CPU
		{5AFE34E9-C3D2-40CE-A76B-2FA27676F421}.Release|Any CPU.Build.0 = Release|Any CPU
		{565DF669-BC36-416A-9EA2-19FB4E87A5BD}.Debug|Any CPU.ActiveCfg = Debug|Any CPU
		{565DF669-BC36-416A-9EA2-19FB4E87A5BD}.Debug|Any CPU.Build.0 = Debug|Any CPU
		{565DF669-BC36-416A-9EA2-19FB4E87A5BD}.Release|Any CPU.ActiveCfg = Release|Any CPU
		{565DF669-BC36-416A-9EA2-19FB4E87A5BD}.Release|Any CPU.Build.0 = Release|Any CPU
		{E53C8F6D-46D7-40EE-ABCC-186129EB8715}.Debug|Any CPU.ActiveCfg = Debug|Any CPU
		{E53C8F6D-46D7-40EE-ABCC-186129EB8715}.Debug|Any CPU.Build.0 = Debug|Any CPU
		{E53C8F6D-46D7-40EE-ABCC-186129EB8715}.Release|Any CPU.ActiveCfg = Release|Any CPU
		{E53C8F6D-46D7-40EE-ABCC-186129EB8715}.Release|Any CPU.Build.0 = Release|Any CPU
		{6D23D28C-B916-4C68-88E5-53577E26E863}.Debug|Any CPU.ActiveCfg = Debug|Any CPU
		{6D23D28C-B916-4C68-88E5-53577E26E863}.Debug|Any CPU.Build.0 = Debug|Any CPU
		{6D23D28C-B916-4C68-88E5-53577E26E863}.Release|Any CPU.ActiveCfg = Release|Any CPU
		{6D23D28C-B916-4C68-88E5-53577E26E863}.Release|Any CPU.Build.0 = Release|Any CPU
		{8B36FA94-0A5E-4DC8-963A-9E60082D7B9F}.Debug|Any CPU.ActiveCfg = Debug|Any CPU
		{8B36FA94-0A5E-4DC8-963A-9E60082D7B9F}.Debug|Any CPU.Build.0 = Debug|Any CPU
		{8B36FA94-0A5E-4DC8-963A-9E60082D7B9F}.Release|Any CPU.ActiveCfg = Release|Any CPU
		{8B36FA94-0A5E-4DC8-963A-9E60082D7B9F}.Release|Any CPU.Build.0 = Release|Any CPU
		{A37D21C0-204F-4320-B7A9-5A768BA3CA4C}.Debug|Any CPU.ActiveCfg = Debug|Any CPU
		{A37D21C0-204F-4320-B7A9-5A768BA3CA4C}.Debug|Any CPU.Build.0 = Debug|Any CPU
		{A37D21C0-204F-4320-B7A9-5A768BA3CA4C}.Release|Any CPU.ActiveCfg = Release|Any CPU
		{A37D21C0-204F-4320-B7A9-5A768BA3CA4C}.Release|Any CPU.Build.0 = Release|Any CPU
		{B6D22D63-25ED-40D2-A96D-EA19CB3A8E89}.Debug|Any CPU.ActiveCfg = Debug|Any CPU
		{B6D22D63-25ED-40D2-A96D-EA19CB3A8E89}.Debug|Any CPU.Build.0 = Debug|Any CPU
		{B6D22D63-25ED-40D2-A96D-EA19CB3A8E89}.Release|Any CPU.ActiveCfg = Release|Any CPU
		{B6D22D63-25ED-40D2-A96D-EA19CB3A8E89}.Release|Any CPU.Build.0 = Release|Any CPU
		{6A73DE5C-BDD6-4B0F-AE23-2053329184BD}.Debug|Any CPU.ActiveCfg = Debug|Any CPU
		{6A73DE5C-BDD6-4B0F-AE23-2053329184BD}.Debug|Any CPU.Build.0 = Debug|Any CPU
		{6A73DE5C-BDD6-4B0F-AE23-2053329184BD}.Release|Any CPU.ActiveCfg = Release|Any CPU
		{6A73DE5C-BDD6-4B0F-AE23-2053329184BD}.Release|Any CPU.Build.0 = Release|Any CPU
		{3AC5D906-00C3-45AB-B345-8DEB28A7A4FB}.Debug|Any CPU.ActiveCfg = Debug|Any CPU
		{3AC5D906-00C3-45AB-B345-8DEB28A7A4FB}.Debug|Any CPU.Build.0 = Debug|Any CPU
		{3AC5D906-00C3-45AB-B345-8DEB28A7A4FB}.Release|Any CPU.ActiveCfg = Release|Any CPU
		{3AC5D906-00C3-45AB-B345-8DEB28A7A4FB}.Release|Any CPU.Build.0 = Release|Any CPU
		{3879AADC-D0DE-474C-BB0D-1292E7F02B9E}.Debug|Any CPU.ActiveCfg = Debug|Any CPU
		{3879AADC-D0DE-474C-BB0D-1292E7F02B9E}.Debug|Any CPU.Build.0 = Debug|Any CPU
		{3879AADC-D0DE-474C-BB0D-1292E7F02B9E}.Release|Any CPU.ActiveCfg = Release|Any CPU
		{3879AADC-D0DE-474C-BB0D-1292E7F02B9E}.Release|Any CPU.Build.0 = Release|Any CPU
		{94EDCC9A-930E-42C8-A53F-987892E73D2D}.Debug|Any CPU.ActiveCfg = Debug|Any CPU
		{94EDCC9A-930E-42C8-A53F-987892E73D2D}.Debug|Any CPU.Build.0 = Debug|Any CPU
		{94EDCC9A-930E-42C8-A53F-987892E73D2D}.Release|Any CPU.ActiveCfg = Release|Any CPU
		{94EDCC9A-930E-42C8-A53F-987892E73D2D}.Release|Any CPU.Build.0 = Release|Any CPU
		{71594976-E4B9-490F-A72D-0181E5003128}.Debug|Any CPU.ActiveCfg = Debug|Any CPU
		{71594976-E4B9-490F-A72D-0181E5003128}.Debug|Any CPU.Build.0 = Debug|Any CPU
		{71594976-E4B9-490F-A72D-0181E5003128}.Release|Any CPU.ActiveCfg = Release|Any CPU
		{71594976-E4B9-490F-A72D-0181E5003128}.Release|Any CPU.Build.0 = Release|Any CPU
		{B067C322-D3C7-4999-8205-9BB270EEE883}.Debug|Any CPU.ActiveCfg = Debug|Any CPU
		{B067C322-D3C7-4999-8205-9BB270EEE883}.Debug|Any CPU.Build.0 = Debug|Any CPU
		{B067C322-D3C7-4999-8205-9BB270EEE883}.Release|Any CPU.ActiveCfg = Release|Any CPU
		{B067C322-D3C7-4999-8205-9BB270EEE883}.Release|Any CPU.Build.0 = Release|Any CPU
		{94284126-8F23-4411-B440-57179E857A24}.Debug|Any CPU.ActiveCfg = Debug|Any CPU
		{94284126-8F23-4411-B440-57179E857A24}.Debug|Any CPU.Build.0 = Debug|Any CPU
		{94284126-8F23-4411-B440-57179E857A24}.Release|Any CPU.ActiveCfg = Release|Any CPU
		{94284126-8F23-4411-B440-57179E857A24}.Release|Any CPU.Build.0 = Release|Any CPU
		{BCCC1296-B961-436F-9794-1C5F6556915C}.Debug|Any CPU.ActiveCfg = Debug|Any CPU
		{BCCC1296-B961-436F-9794-1C5F6556915C}.Debug|Any CPU.Build.0 = Debug|Any CPU
		{BCCC1296-B961-436F-9794-1C5F6556915C}.Release|Any CPU.ActiveCfg = Release|Any CPU
		{BCCC1296-B961-436F-9794-1C5F6556915C}.Release|Any CPU.Build.0 = Release|Any CPU
		{AB45BC8F-DA7F-40E5-ACA0-5108BA540BF4}.Debug|Any CPU.ActiveCfg = Debug|Any CPU
		{AB45BC8F-DA7F-40E5-ACA0-5108BA540BF4}.Debug|Any CPU.Build.0 = Debug|Any CPU
		{AB45BC8F-DA7F-40E5-ACA0-5108BA540BF4}.Release|Any CPU.ActiveCfg = Release|Any CPU
		{AB45BC8F-DA7F-40E5-ACA0-5108BA540BF4}.Release|Any CPU.Build.0 = Release|Any CPU
		{65993623-5D0B-4E0B-BC16-0FB9FD1420D1}.Debug|Any CPU.ActiveCfg = Debug|Any CPU
		{65993623-5D0B-4E0B-BC16-0FB9FD1420D1}.Debug|Any CPU.Build.0 = Debug|Any CPU
		{65993623-5D0B-4E0B-BC16-0FB9FD1420D1}.Release|Any CPU.ActiveCfg = Release|Any CPU
		{65993623-5D0B-4E0B-BC16-0FB9FD1420D1}.Release|Any CPU.Build.0 = Release|Any CPU
		{1DB9C156-7BBB-48D0-BC7F-53AE74816BBA}.Debug|Any CPU.ActiveCfg = Debug|Any CPU
		{1DB9C156-7BBB-48D0-BC7F-53AE74816BBA}.Debug|Any CPU.Build.0 = Debug|Any CPU
		{1DB9C156-7BBB-48D0-BC7F-53AE74816BBA}.Release|Any CPU.ActiveCfg = Release|Any CPU
		{1DB9C156-7BBB-48D0-BC7F-53AE74816BBA}.Release|Any CPU.Build.0 = Release|Any CPU
		{9C7D8FAC-888D-4013-966B-271CAE8B6973}.Debug|Any CPU.ActiveCfg = Debug|Any CPU
		{9C7D8FAC-888D-4013-966B-271CAE8B6973}.Debug|Any CPU.Build.0 = Debug|Any CPU
		{9C7D8FAC-888D-4013-966B-271CAE8B6973}.Release|Any CPU.ActiveCfg = Release|Any CPU
		{9C7D8FAC-888D-4013-966B-271CAE8B6973}.Release|Any CPU.Build.0 = Release|Any CPU
		{26F8ABD8-4C7C-428E-B98B-C99749D43E76}.Debug|Any CPU.ActiveCfg = Debug|Any CPU
		{26F8ABD8-4C7C-428E-B98B-C99749D43E76}.Debug|Any CPU.Build.0 = Debug|Any CPU
		{26F8ABD8-4C7C-428E-B98B-C99749D43E76}.Release|Any CPU.ActiveCfg = Release|Any CPU
		{26F8ABD8-4C7C-428E-B98B-C99749D43E76}.Release|Any CPU.Build.0 = Release|Any CPU
		{7B0763B9-0449-44A1-8E8D-5BFB39E381D9}.Debug|Any CPU.ActiveCfg = Debug|Any CPU
		{7B0763B9-0449-44A1-8E8D-5BFB39E381D9}.Debug|Any CPU.Build.0 = Debug|Any CPU
		{7B0763B9-0449-44A1-8E8D-5BFB39E381D9}.Release|Any CPU.ActiveCfg = Release|Any CPU
		{7B0763B9-0449-44A1-8E8D-5BFB39E381D9}.Release|Any CPU.Build.0 = Release|Any CPU
		{3C0585AE-B916-4C48-8C2D-D57D76711687}.Debug|Any CPU.ActiveCfg = Debug|Any CPU
		{3C0585AE-B916-4C48-8C2D-D57D76711687}.Debug|Any CPU.Build.0 = Debug|Any CPU
		{3C0585AE-B916-4C48-8C2D-D57D76711687}.Release|Any CPU.ActiveCfg = Release|Any CPU
		{3C0585AE-B916-4C48-8C2D-D57D76711687}.Release|Any CPU.Build.0 = Release|Any CPU
		{2642E580-1D15-417A-BCFA-E75BD899563D}.Debug|Any CPU.ActiveCfg = Debug|Any CPU
		{2642E580-1D15-417A-BCFA-E75BD899563D}.Debug|Any CPU.Build.0 = Debug|Any CPU
		{2642E580-1D15-417A-BCFA-E75BD899563D}.Release|Any CPU.ActiveCfg = Release|Any CPU
		{2642E580-1D15-417A-BCFA-E75BD899563D}.Release|Any CPU.Build.0 = Release|Any CPU
		{3C79B80E-F4E3-4710-8F54-49F250CEB978}.Debug|Any CPU.ActiveCfg = Debug|Any CPU
		{3C79B80E-F4E3-4710-8F54-49F250CEB978}.Debug|Any CPU.Build.0 = Debug|Any CPU
		{3C79B80E-F4E3-4710-8F54-49F250CEB978}.Release|Any CPU.ActiveCfg = Release|Any CPU
		{3C79B80E-F4E3-4710-8F54-49F250CEB978}.Release|Any CPU.Build.0 = Release|Any CPU
		{8E8ED909-A15C-4E77-8B17-6F722CAB4808}.Debug|Any CPU.ActiveCfg = Debug|Any CPU
		{8E8ED909-A15C-4E77-8B17-6F722CAB4808}.Debug|Any CPU.Build.0 = Debug|Any CPU
		{8E8ED909-A15C-4E77-8B17-6F722CAB4808}.Release|Any CPU.ActiveCfg = Release|Any CPU
		{8E8ED909-A15C-4E77-8B17-6F722CAB4808}.Release|Any CPU.Build.0 = Release|Any CPU
		{4C0FF4A8-2274-4065-BB2F-25179BF4CBD9}.Debug|Any CPU.ActiveCfg = Debug|Any CPU
		{4C0FF4A8-2274-4065-BB2F-25179BF4CBD9}.Debug|Any CPU.Build.0 = Debug|Any CPU
		{4C0FF4A8-2274-4065-BB2F-25179BF4CBD9}.Release|Any CPU.ActiveCfg = Release|Any CPU
		{4C0FF4A8-2274-4065-BB2F-25179BF4CBD9}.Release|Any CPU.Build.0 = Release|Any CPU
		{8274A1A2-5E4D-4CBD-BAD3-974F1EC8B78C}.Debug|Any CPU.ActiveCfg = Debug|Any CPU
		{8274A1A2-5E4D-4CBD-BAD3-974F1EC8B78C}.Debug|Any CPU.Build.0 = Debug|Any CPU
		{8274A1A2-5E4D-4CBD-BAD3-974F1EC8B78C}.Release|Any CPU.ActiveCfg = Release|Any CPU
		{8274A1A2-5E4D-4CBD-BAD3-974F1EC8B78C}.Release|Any CPU.Build.0 = Release|Any CPU
		{AB7F424F-7B27-4DC9-A68C-015575453680}.Debug|Any CPU.ActiveCfg = Debug|Any CPU
		{AB7F424F-7B27-4DC9-A68C-015575453680}.Debug|Any CPU.Build.0 = Debug|Any CPU
		{AB7F424F-7B27-4DC9-A68C-015575453680}.Release|Any CPU.ActiveCfg = Release|Any CPU
		{AB7F424F-7B27-4DC9-A68C-015575453680}.Release|Any CPU.Build.0 = Release|Any CPU
		{9F86F723-A393-4257-89BB-159166A7A931}.Debug|Any CPU.ActiveCfg = Debug|Any CPU
		{9F86F723-A393-4257-89BB-159166A7A931}.Debug|Any CPU.Build.0 = Debug|Any CPU
		{9F86F723-A393-4257-89BB-159166A7A931}.Release|Any CPU.ActiveCfg = Release|Any CPU
		{9F86F723-A393-4257-89BB-159166A7A931}.Release|Any CPU.Build.0 = Release|Any CPU
		{344305C4-5279-4AE7-9CFF-7F2241AAA343}.Debug|Any CPU.ActiveCfg = Debug|Any CPU
		{344305C4-5279-4AE7-9CFF-7F2241AAA343}.Debug|Any CPU.Build.0 = Debug|Any CPU
		{344305C4-5279-4AE7-9CFF-7F2241AAA343}.Release|Any CPU.ActiveCfg = Release|Any CPU
		{344305C4-5279-4AE7-9CFF-7F2241AAA343}.Release|Any CPU.Build.0 = Release|Any CPU
		{485C1973-74F1-450B-99BB-44499DBAFB2B}.Debug|Any CPU.ActiveCfg = Debug|Any CPU
		{485C1973-74F1-450B-99BB-44499DBAFB2B}.Debug|Any CPU.Build.0 = Debug|Any CPU
		{485C1973-74F1-450B-99BB-44499DBAFB2B}.Release|Any CPU.ActiveCfg = Release|Any CPU
		{485C1973-74F1-450B-99BB-44499DBAFB2B}.Release|Any CPU.Build.0 = Release|Any CPU
		{5CA3E073-EAFD-40FA-9C29-0B6B176F7DD5}.Debug|Any CPU.ActiveCfg = Debug|Any CPU
		{5CA3E073-EAFD-40FA-9C29-0B6B176F7DD5}.Debug|Any CPU.Build.0 = Debug|Any CPU
		{5CA3E073-EAFD-40FA-9C29-0B6B176F7DD5}.Release|Any CPU.ActiveCfg = Release|Any CPU
		{5CA3E073-EAFD-40FA-9C29-0B6B176F7DD5}.Release|Any CPU.Build.0 = Release|Any CPU
		{326FFDD6-01D9-46F9-AB09-74F134C47522}.Debug|Any CPU.ActiveCfg = Debug|Any CPU
		{326FFDD6-01D9-46F9-AB09-74F134C47522}.Debug|Any CPU.Build.0 = Debug|Any CPU
		{326FFDD6-01D9-46F9-AB09-74F134C47522}.Release|Any CPU.ActiveCfg = Release|Any CPU
		{326FFDD6-01D9-46F9-AB09-74F134C47522}.Release|Any CPU.Build.0 = Release|Any CPU
		{937FD6BE-475F-443E-8EFB-3E537C5FBFA7}.Debug|Any CPU.ActiveCfg = Debug|Any CPU
		{937FD6BE-475F-443E-8EFB-3E537C5FBFA7}.Debug|Any CPU.Build.0 = Debug|Any CPU
		{937FD6BE-475F-443E-8EFB-3E537C5FBFA7}.Release|Any CPU.ActiveCfg = Release|Any CPU
		{937FD6BE-475F-443E-8EFB-3E537C5FBFA7}.Release|Any CPU.Build.0 = Release|Any CPU
		{94C1A697-46B0-4331-A903-C36E45DA8C09}.Debug|Any CPU.ActiveCfg = Debug|Any CPU
		{94C1A697-46B0-4331-A903-C36E45DA8C09}.Debug|Any CPU.Build.0 = Debug|Any CPU
		{94C1A697-46B0-4331-A903-C36E45DA8C09}.Release|Any CPU.ActiveCfg = Release|Any CPU
		{94C1A697-46B0-4331-A903-C36E45DA8C09}.Release|Any CPU.Build.0 = Release|Any CPU
		{879E4931-EF55-4F7C-8968-F660D5CD3FD8}.Debug|Any CPU.ActiveCfg = Debug|Any CPU
		{879E4931-EF55-4F7C-8968-F660D5CD3FD8}.Debug|Any CPU.Build.0 = Debug|Any CPU
		{879E4931-EF55-4F7C-8968-F660D5CD3FD8}.Release|Any CPU.ActiveCfg = Release|Any CPU
		{879E4931-EF55-4F7C-8968-F660D5CD3FD8}.Release|Any CPU.Build.0 = Release|Any CPU
		{05FA713D-9F9F-4D07-8E33-D3B49CCF36E6}.Debug|Any CPU.ActiveCfg = Debug|Any CPU
		{05FA713D-9F9F-4D07-8E33-D3B49CCF36E6}.Debug|Any CPU.Build.0 = Debug|Any CPU
		{05FA713D-9F9F-4D07-8E33-D3B49CCF36E6}.Release|Any CPU.ActiveCfg = Release|Any CPU
		{05FA713D-9F9F-4D07-8E33-D3B49CCF36E6}.Release|Any CPU.Build.0 = Release|Any CPU
		{A0D053EC-2796-4738-8101-63C08891D7AC}.Debug|Any CPU.ActiveCfg = Debug|Any CPU
		{A0D053EC-2796-4738-8101-63C08891D7AC}.Debug|Any CPU.Build.0 = Debug|Any CPU
		{A0D053EC-2796-4738-8101-63C08891D7AC}.Release|Any CPU.ActiveCfg = Release|Any CPU
		{A0D053EC-2796-4738-8101-63C08891D7AC}.Release|Any CPU.Build.0 = Release|Any CPU
		{8C5B3AF5-0307-4F57-980F-CC143D187074}.Debug|Any CPU.ActiveCfg = Debug|Any CPU
		{8C5B3AF5-0307-4F57-980F-CC143D187074}.Debug|Any CPU.Build.0 = Debug|Any CPU
		{8C5B3AF5-0307-4F57-980F-CC143D187074}.Release|Any CPU.ActiveCfg = Release|Any CPU
		{8C5B3AF5-0307-4F57-980F-CC143D187074}.Release|Any CPU.Build.0 = Release|Any CPU
		{F4A19EA0-1F72-42C9-AF29-9DD34DCD76CE}.Debug|Any CPU.ActiveCfg = Debug|Any CPU
		{F4A19EA0-1F72-42C9-AF29-9DD34DCD76CE}.Debug|Any CPU.Build.0 = Debug|Any CPU
		{F4A19EA0-1F72-42C9-AF29-9DD34DCD76CE}.Release|Any CPU.ActiveCfg = Release|Any CPU
		{F4A19EA0-1F72-42C9-AF29-9DD34DCD76CE}.Release|Any CPU.Build.0 = Release|Any CPU
		{9E850A7C-7683-4B30-B03E-AA7BBB90BF04}.Debug|Any CPU.ActiveCfg = Debug|Any CPU
		{9E850A7C-7683-4B30-B03E-AA7BBB90BF04}.Debug|Any CPU.Build.0 = Debug|Any CPU
		{9E850A7C-7683-4B30-B03E-AA7BBB90BF04}.Release|Any CPU.ActiveCfg = Release|Any CPU
		{9E850A7C-7683-4B30-B03E-AA7BBB90BF04}.Release|Any CPU.Build.0 = Release|Any CPU
		{7F5C4A6D-3448-4EB1-B030-EB0FC8AF75E5}.Debug|Any CPU.ActiveCfg = Debug|Any CPU
		{7F5C4A6D-3448-4EB1-B030-EB0FC8AF75E5}.Debug|Any CPU.Build.0 = Debug|Any CPU
		{7F5C4A6D-3448-4EB1-B030-EB0FC8AF75E5}.Release|Any CPU.ActiveCfg = Release|Any CPU
		{7F5C4A6D-3448-4EB1-B030-EB0FC8AF75E5}.Release|Any CPU.Build.0 = Release|Any CPU
		{3A79262A-4D44-477E-9316-0DAB16158FD0}.Debug|Any CPU.ActiveCfg = Debug|Any CPU
		{3A79262A-4D44-477E-9316-0DAB16158FD0}.Debug|Any CPU.Build.0 = Debug|Any CPU
		{3A79262A-4D44-477E-9316-0DAB16158FD0}.Release|Any CPU.ActiveCfg = Release|Any CPU
		{3A79262A-4D44-477E-9316-0DAB16158FD0}.Release|Any CPU.Build.0 = Release|Any CPU
		{4087BB5F-2E01-45F7-A129-590FF472364B}.Debug|Any CPU.ActiveCfg = Debug|Any CPU
		{4087BB5F-2E01-45F7-A129-590FF472364B}.Debug|Any CPU.Build.0 = Debug|Any CPU
		{4087BB5F-2E01-45F7-A129-590FF472364B}.Release|Any CPU.ActiveCfg = Release|Any CPU
		{4087BB5F-2E01-45F7-A129-590FF472364B}.Release|Any CPU.Build.0 = Release|Any CPU
		{B1B3E2F7-E70C-4252-9A77-89CE06EAE46F}.Debug|Any CPU.ActiveCfg = Debug|Any CPU
		{B1B3E2F7-E70C-4252-9A77-89CE06EAE46F}.Debug|Any CPU.Build.0 = Debug|Any CPU
		{B1B3E2F7-E70C-4252-9A77-89CE06EAE46F}.Release|Any CPU.ActiveCfg = Release|Any CPU
		{B1B3E2F7-E70C-4252-9A77-89CE06EAE46F}.Release|Any CPU.Build.0 = Release|Any CPU
		{313B510A-37C5-4678-B288-7F379EDAB14C}.Debug|Any CPU.ActiveCfg = Debug|Any CPU
		{313B510A-37C5-4678-B288-7F379EDAB14C}.Debug|Any CPU.Build.0 = Debug|Any CPU
		{313B510A-37C5-4678-B288-7F379EDAB14C}.Release|Any CPU.ActiveCfg = Release|Any CPU
		{313B510A-37C5-4678-B288-7F379EDAB14C}.Release|Any CPU.Build.0 = Release|Any CPU
		{4674F683-C059-4707-954E-A468C6D0582C}.Debug|Any CPU.ActiveCfg = Debug|Any CPU
		{4674F683-C059-4707-954E-A468C6D0582C}.Debug|Any CPU.Build.0 = Debug|Any CPU
		{4674F683-C059-4707-954E-A468C6D0582C}.Release|Any CPU.ActiveCfg = Release|Any CPU
		{4674F683-C059-4707-954E-A468C6D0582C}.Release|Any CPU.Build.0 = Release|Any CPU
		{4DFC1D82-EFDD-45C7-BA23-50B77EC8F25F}.Debug|Any CPU.ActiveCfg = Debug|Any CPU
		{4DFC1D82-EFDD-45C7-BA23-50B77EC8F25F}.Debug|Any CPU.Build.0 = Debug|Any CPU
		{4DFC1D82-EFDD-45C7-BA23-50B77EC8F25F}.Release|Any CPU.ActiveCfg = Release|Any CPU
		{4DFC1D82-EFDD-45C7-BA23-50B77EC8F25F}.Release|Any CPU.Build.0 = Release|Any CPU
		{ECCA5D4D-C44A-4356-BB55-535BCBE762AE}.Debug|Any CPU.ActiveCfg = Debug|Any CPU
		{ECCA5D4D-C44A-4356-BB55-535BCBE762AE}.Debug|Any CPU.Build.0 = Debug|Any CPU
		{ECCA5D4D-C44A-4356-BB55-535BCBE762AE}.Release|Any CPU.ActiveCfg = Release|Any CPU
		{ECCA5D4D-C44A-4356-BB55-535BCBE762AE}.Release|Any CPU.Build.0 = Release|Any CPU
		{73E86C15-AA59-4D1D-81D2-8556EF22DA1B}.Debug|Any CPU.ActiveCfg = Debug|Any CPU
		{73E86C15-AA59-4D1D-81D2-8556EF22DA1B}.Debug|Any CPU.Build.0 = Debug|Any CPU
		{73E86C15-AA59-4D1D-81D2-8556EF22DA1B}.Release|Any CPU.ActiveCfg = Release|Any CPU
		{73E86C15-AA59-4D1D-81D2-8556EF22DA1B}.Release|Any CPU.Build.0 = Release|Any CPU
		{B6DF196B-7D25-49BD-AEE9-1E888ADA3B8A}.Debug|Any CPU.ActiveCfg = Debug|Any CPU
		{B6DF196B-7D25-49BD-AEE9-1E888ADA3B8A}.Debug|Any CPU.Build.0 = Debug|Any CPU
		{B6DF196B-7D25-49BD-AEE9-1E888ADA3B8A}.Release|Any CPU.ActiveCfg = Release|Any CPU
		{B6DF196B-7D25-49BD-AEE9-1E888ADA3B8A}.Release|Any CPU.Build.0 = Release|Any CPU
		{DE0C3F93-53AC-4A41-9FD6-001EA4BB25A7}.Debug|Any CPU.ActiveCfg = Debug|Any CPU
		{DE0C3F93-53AC-4A41-9FD6-001EA4BB25A7}.Debug|Any CPU.Build.0 = Debug|Any CPU
		{DE0C3F93-53AC-4A41-9FD6-001EA4BB25A7}.Release|Any CPU.ActiveCfg = Release|Any CPU
		{DE0C3F93-53AC-4A41-9FD6-001EA4BB25A7}.Release|Any CPU.Build.0 = Release|Any CPU
		{62F2E3DF-E22A-4A85-BB61-9BBA0EA577C0}.Debug|Any CPU.ActiveCfg = Debug|Any CPU
		{62F2E3DF-E22A-4A85-BB61-9BBA0EA577C0}.Debug|Any CPU.Build.0 = Debug|Any CPU
		{62F2E3DF-E22A-4A85-BB61-9BBA0EA577C0}.Release|Any CPU.ActiveCfg = Release|Any CPU
		{62F2E3DF-E22A-4A85-BB61-9BBA0EA577C0}.Release|Any CPU.Build.0 = Release|Any CPU
		{4121221B-C080-448F-A8A0-9B8692A8B62D}.Debug|Any CPU.ActiveCfg = Debug|Any CPU
		{4121221B-C080-448F-A8A0-9B8692A8B62D}.Debug|Any CPU.Build.0 = Debug|Any CPU
		{4121221B-C080-448F-A8A0-9B8692A8B62D}.Release|Any CPU.ActiveCfg = Release|Any CPU
		{4121221B-C080-448F-A8A0-9B8692A8B62D}.Release|Any CPU.Build.0 = Release|Any CPU
	EndGlobalSection
	GlobalSection(SolutionProperties) = preSolution
		HideSolutionNode = FALSE
	EndGlobalSection
EndGlobal
